
Microsoft Visual Studio Solution File, Format Version 12.00
# Visual Studio Version 18
VisualStudioVersion = 18.1.11312.151
MinimumVisualStudioVersion = 10.0.40219.1
Project("{8BC9CEB8-8B4A-11D0-8D11-00A0C91BC942}") = "类与对象-封装", "类与对象\类与对象.vcxproj", "{0B52C17E-BB25-4BF8-91F1-BE7416C3D079}"
EndProject
Project("{8BC9CEB8-8B4A-11D0-8D11-00A0C91BC942}") = "引用", "引用\引用.vcxproj", "{81E17DAB-B3FE-4DD3-8736-1F8308DF99BB}"
EndProject
Project("{8BC9CEB8-8B4A-11D0-8D11-00A0C91BC942}") = "结构体", "结构体\结构体.vcxproj", "{09CAF036-D695-4A33-A1C1-74BCCA1E48AE}"
EndProject
Project("{8BC9CEB8-8B4A-11D0-8D11-00A0C91BC942}") = "类与对象-继承", "类与对象-继承\类与对象-继承.vcxproj", "{E4B5D1ED-8938-4428-8518-D576B26E9334}"
EndProject
Project("{8BC9CEB8-8B4A-11D0-8D11-00A0C91BC942}") = "类与对象-多态", "类与对象-多态\类与对象-多态.vcxproj", "{6340762C-102B-4FEA-9BA8-DBE1C179F4B6}"
EndProject
Project("{8BC9CEB8-8B4A-11D0-8D11-00A0C91BC942}") = "string容器", "string容器\string容器.vcxproj", "{A65E91CF-CDC7-4B8D-9030-DA253079A314}"
EndProject
Project("{8BC9CEB8-8B4A-11D0-8D11-00A0C91BC942}") = "vector容器", "vector容器\vector容器.vcxproj", "{3C7E624E-83AE-4B42-BB2C-ABA7ADAC2722}"
EndProject
Project("{8BC9CEB8-8B4A-11D0-8D11-00A0C91BC942}") = "文件操作", "文件操作\文件操作.vcxproj", "{5FF8C5A7-05E0-4F8F-9449-79D773FEE24F}"
EndProject
Project("{8BC9CEB8-8B4A-11D0-8D11-00A0C91BC942}") = "运算符重载", "运算符重载\运算符重载.vcxproj", "{1625C0E3-FBEB-46E8-BAAF-6810B35C4DA4}"
EndProject
Project("{8BC9CEB8-8B4A-11D0-8D11-00A0C91BC942}") = "模板", "模板\模板.vcxproj", "{78B5BB18-46FB-4EEE-96C3-C3C67EB8D4D5}"
EndProject
Project("{8BC9CEB8-8B4A-11D0-8D11-00A0C91BC942}") = "通用知识", "通用知识\通用知识.vcxproj", "{483E466B-4EFF-430E-9AF0-177F1F4DB9B5}"
EndProject
Project("{8BC9CEB8-8B4A-11D0-8D11-00A0C91BC942}") = "指针", "指针\指针.vcxproj", "{7635967A-A48F-4BB1-84D2-B85230C34410}"
EndProject
Project("{8BC9CEB8-8B4A-11D0-8D11-00A0C91BC942}") = "map容器", "map容器\map容器.vcxproj", "{CF97494F-2087-41DF-940D-17C588AA3448}"
EndProject
Project("{8BC9CEB8-8B4A-11D0-8D11-00A0C91BC942}") = "函数对象", "函数对象\函数对象.vcxproj", "{EF1CA65C-868C-4E97-807F-831B9E4C82BC}"
EndProject
Project("{8BC9CEB8-8B4A-11D0-8D11-00A0C91BC942}") = "常用算法", "常用算法\常用算法.vcxproj", "{584425EA-A417-4D16-953F-63010EDB90CF}"
EndProject
Project("{8BC9CEB8-8B4A-11D0-8D11-00A0C91BC942}") = "queue容器", "queue容器\queue容器.vcxproj", "{243E5DA6-869B-45AD-AEC0-7287EA2FC8DD}"
EndProject
Global
	GlobalSection(SolutionConfigurationPlatforms) = preSolution
		Debug|Any CPU = Debug|Any CPU
		Debug|x64 = Debug|x64
		Debug|x86 = Debug|x86
		Release|Any CPU = Release|Any CPU
		Release|x64 = Release|x64
		Release|x86 = Release|x86
	EndGlobalSection
	GlobalSection(ProjectConfigurationPlatforms) = postSolution
		{0B52C17E-BB25-4BF8-91F1-BE7416C3D079}.Debug|Any CPU.ActiveCfg = Debug|x64
		{0B52C17E-BB25-4BF8-91F1-BE7416C3D079}.Debug|Any CPU.Build.0 = Debug|x64
		{0B52C17E-BB25-4BF8-91F1-BE7416C3D079}.Debug|x64.ActiveCfg = Debug|x64
		{0B52C17E-BB25-4BF8-91F1-BE7416C3D079}.Debug|x64.Build.0 = Debug|x64
		{0B52C17E-BB25-4BF8-91F1-BE7416C3D079}.Debug|x86.ActiveCfg = Debug|Win32
		{0B52C17E-BB25-4BF8-91F1-BE7416C3D079}.Debug|x86.Build.0 = Debug|Win32
		{0B52C17E-BB25-4BF8-91F1-BE7416C3D079}.Release|Any CPU.ActiveCfg = Release|x64
		{0B52C17E-BB25-4BF8-91F1-BE7416C3D079}.Release|Any CPU.Build.0 = Release|x64
		{0B52C17E-BB25-4BF8-91F1-BE7416C3D079}.Release|x64.ActiveCfg = Release|x64
		{0B52C17E-BB25-4BF8-91F1-BE7416C3D079}.Release|x64.Build.0 = Release|x64
		{0B52C17E-BB25-4BF8-91F1-BE7416C3D079}.Release|x86.ActiveCfg = Release|Win32
		{0B52C17E-BB25-4BF8-91F1-BE7416C3D079}.Release|x86.Build.0 = Release|Win32
		{81E17DAB-B3FE-4DD3-8736-1F8308DF99BB}.Debug|Any CPU.ActiveCfg = Debug|x64
		{81E17DAB-B3FE-4DD3-8736-1F8308DF99BB}.Debug|Any CPU.Build.0 = Debug|x64
		{81E17DAB-B3FE-4DD3-8736-1F8308DF99BB}.Debug|x64.ActiveCfg = Debug|x64
		{81E17DAB-B3FE-4DD3-8736-1F8308DF99BB}.Debug|x64.Build.0 = Debug|x64
		{81E17DAB-B3FE-4DD3-8736-1F8308DF99BB}.Debug|x86.ActiveCfg = Debug|Win32
		{81E17DAB-B3FE-4DD3-8736-1F8308DF99BB}.Debug|x86.Build.0 = Debug|Win32
		{81E17DAB-B3FE-4DD3-8736-1F8308DF99BB}.Release|Any CPU.ActiveCfg = Release|x64
		{81E17DAB-B3FE-4DD3-8736-1F8308DF99BB}.Release|Any CPU.Build.0 = Release|x64
		{81E17DAB-B3FE-4DD3-8736-1F8308DF99BB}.Release|x64.ActiveCfg = Release|x64
		{81E17DAB-B3FE-4DD3-8736-1F8308DF99BB}.Release|x64.Build.0 = Release|x64
		{81E17DAB-B3FE-4DD3-8736-1F8308DF99BB}.Release|x86.ActiveCfg = Release|Win32
		{81E17DAB-B3FE-4DD3-8736-1F8308DF99BB}.Release|x86.Build.0 = Release|Win32
		{09CAF036-D695-4A33-A1C1-74BCCA1E48AE}.Debug|Any CPU.ActiveCfg = Debug|x64
		{09CAF036-D695-4A33-A1C1-74BCCA1E48AE}.Debug|Any CPU.Build.0 = Debug|x64
		{09CAF036-D695-4A33-A1C1-74BCCA1E48AE}.Debug|x64.ActiveCfg = Debug|x64
		{09CAF036-D695-4A33-A1C1-74BCCA1E48AE}.Debug|x64.Build.0 = Debug|x64
		{09CAF036-D695-4A33-A1C1-74BCCA1E48AE}.Debug|x86.ActiveCfg = Debug|Win32
		{09CAF036-D695-4A33-A1C1-74BCCA1E48AE}.Debug|x86.Build.0 = Debug|Win32
		{09CAF036-D695-4A33-A1C1-74BCCA1E48AE}.Release|Any CPU.ActiveCfg = Release|x64
		{09CAF036-D695-4A33-A1C1-74BCCA1E48AE}.Release|Any CPU.Build.0 = Release|x64
		{09CAF036-D695-4A33-A1C1-74BCCA1E48AE}.Release|x64.ActiveCfg = Release|x64
		{09CAF036-D695-4A33-A1C1-74BCCA1E48AE}.Release|x64.Build.0 = Release|x64
		{09CAF036-D695-4A33-A1C1-74BCCA1E48AE}.Release|x86.ActiveCfg = Release|Win32
		{09CAF036-D695-4A33-A1C1-74BCCA1E48AE}.Release|x86.Build.0 = Release|Win32
		{E4B5D1ED-8938-4428-8518-D576B26E9334}.Debug|Any CPU.ActiveCfg = Debug|x64
		{E4B5D1ED-8938-4428-8518-D576B26E9334}.Debug|Any CPU.Build.0 = Debug|x64
		{E4B5D1ED-8938-4428-8518-D576B26E9334}.Debug|x64.ActiveCfg = Debug|x64
		{E4B5D1ED-8938-4428-8518-D576B26E9334}.Debug|x64.Build.0 = Debug|x64
		{E4B5D1ED-8938-4428-8518-D576B26E9334}.Debug|x86.ActiveCfg = Debug|Win32
		{E4B5D1ED-8938-4428-8518-D576B26E9334}.Debug|x86.Build.0 = Debug|Win32
		{E4B5D1ED-8938-4428-8518-D576B26E9334}.Release|Any CPU.ActiveCfg = Release|x64
		{E4B5D1ED-8938-4428-8518-D576B26E9334}.Release|Any CPU.Build.0 = Release|x64
		{E4B5D1ED-8938-4428-8518-D576B26E9334}.Release|x64.ActiveCfg = Release|x64
		{E4B5D1ED-8938-4428-8518-D576B26E9334}.Release|x64.Build.0 = Release|x64
		{E4B5D1ED-8938-4428-8518-D576B26E9334}.Release|x86.ActiveCfg = Release|Win32
		{E4B5D1ED-8938-4428-8518-D576B26E9334}.Release|x86.Build.0 = Release|Win32
		{6340762C-102B-4FEA-9BA8-DBE1C179F4B6}.Debug|Any CPU.ActiveCfg = Debug|x64
		{6340762C-102B-4FEA-9BA8-DBE1C179F4B6}.Debug|Any CPU.Build.0 = Debug|x64
		{6340762C-102B-4FEA-9BA8-DBE1C179F4B6}.Debug|x64.ActiveCfg = Debug|x64
		{6340762C-102B-4FEA-9BA8-DBE1C179F4B6}.Debug|x64.Build.0 = Debug|x64
		{6340762C-102B-4FEA-9BA8-DBE1C179F4B6}.Debug|x86.ActiveCfg = Debug|Win32
		{6340762C-102B-4FEA-9BA8-DBE1C179F4B6}.Debug|x86.Build.0 = Debug|Win32
		{6340762C-102B-4FEA-9BA8-DBE1C179F4B6}.Release|Any CPU.ActiveCfg = Release|x64
		{6340762C-102B-4FEA-9BA8-DBE1C179F4B6}.Release|Any CPU.Build.0 = Release|x64
		{6340762C-102B-4FEA-9BA8-DBE1C179F4B6}.Release|x64.ActiveCfg = Release|x64
		{6340762C-102B-4FEA-9BA8-DBE1C179F4B6}.Release|x64.Build.0 = Release|x64
		{6340762C-102B-4FEA-9BA8-DBE1C179F4B6}.Release|x86.ActiveCfg = Release|Win32
		{6340762C-102B-4FEA-9BA8-DBE1C179F4B6}.Release|x86.Build.0 = Release|Win32
		{A65E91CF-CDC7-4B8D-9030-DA253079A314}.Debug|Any CPU.ActiveCfg = Debug|x64
		{A65E91CF-CDC7-4B8D-9030-DA253079A314}.Debug|Any CPU.Build.0 = Debug|x64
		{A65E91CF-CDC7-4B8D-9030-DA253079A314}.Debug|x64.ActiveCfg = Debug|x64
		{A65E91CF-CDC7-4B8D-9030-DA253079A314}.Debug|x64.Build.0 = Debug|x64
		{A65E91CF-CDC7-4B8D-9030-DA253079A314}.Debug|x86.ActiveCfg = Debug|Win32
		{A65E91CF-CDC7-4B8D-9030-DA253079A314}.Debug|x86.Build.0 = Debug|Win32
		{A65E91CF-CDC7-4B8D-9030-DA253079A314}.Release|Any CPU.ActiveCfg = Release|x64
		{A65E91CF-CDC7-4B8D-9030-DA253079A314}.Release|Any CPU.Build.0 = Release|x64
		{A65E91CF-CDC7-4B8D-9030-DA253079A314}.Release|x64.ActiveCfg = Release|x64
		{A65E91CF-CDC7-4B8D-9030-DA253079A314}.Release|x64.Build.0 = Release|x64
		{A65E91CF-CDC7-4B8D-9030-DA253079A314}.Release|x86.ActiveCfg = Release|Win32
		{A65E91CF-CDC7-4B8D-9030-DA253079A314}.Release|x86.Build.0 = Release|Win32
		{3C7E624E-83AE-4B42-BB2C-ABA7ADAC2722}.Debug|Any CPU.ActiveCfg = Debug|x64
		{3C7E624E-83AE-4B42-BB2C-ABA7ADAC2722}.Debug|Any CPU.Build.0 = Debug|x64
		{3C7E624E-83AE-4B42-BB2C-ABA7ADAC2722}.Debug|x64.ActiveCfg = Debug|x64
		{3C7E624E-83AE-4B42-BB2C-ABA7ADAC2722}.Debug|x64.Build.0 = Debug|x64
		{3C7E624E-83AE-4B42-BB2C-ABA7ADAC2722}.Debug|x86.ActiveCfg = Debug|Win32
		{3C7E624E-83AE-4B42-BB2C-ABA7ADAC2722}.Debug|x86.Build.0 = Debug|Win32
		{3C7E624E-83AE-4B42-BB2C-ABA7ADAC2722}.Release|Any CPU.ActiveCfg = Release|x64
		{3C7E624E-83AE-4B42-BB2C-ABA7ADAC2722}.Release|Any CPU.Build.0 = Release|x64
		{3C7E624E-83AE-4B42-BB2C-ABA7ADAC2722}.Release|x64.ActiveCfg = Release|x64
		{3C7E624E-83AE-4B42-BB2C-ABA7ADAC2722}.Release|x64.Build.0 = Release|x64
		{3C7E624E-83AE-4B42-BB2C-ABA7ADAC2722}.Release|x86.ActiveCfg = Release|Win32
		{3C7E624E-83AE-4B42-BB2C-ABA7ADAC2722}.Release|x86.Build.0 = Release|Win32
		{5FF8C5A7-05E0-4F8F-9449-79D773FEE24F}.Debug|Any CPU.ActiveCfg = Debug|x64
		{5FF8C5A7-05E0-4F8F-9449-79D773FEE24F}.Debug|Any CPU.Build.0 = Debug|x64
		{5FF8C5A7-05E0-4F8F-9449-79D773FEE24F}.Debug|x64.ActiveCfg = Debug|x64
		{5FF8C5A7-05E0-4F8F-9449-79D773FEE24F}.Debug|x64.Build.0 = Debug|x64
		{5FF8C5A7-05E0-4F8F-9449-79D773FEE24F}.Debug|x86.ActiveCfg = Debug|Win32
		{5FF8C5A7-05E0-4F8F-9449-79D773FEE24F}.Debug|x86.Build.0 = Debug|Win32
		{5FF8C5A7-05E0-4F8F-9449-79D773FEE24F}.Release|Any CPU.ActiveCfg = Release|x64
		{5FF8C5A7-05E0-4F8F-9449-79D773FEE24F}.Release|Any CPU.Build.0 = Release|x64
		{5FF8C5A7-05E0-4F8F-9449-79D773FEE24F}.Release|x64.ActiveCfg = Release|x64
		{5FF8C5A7-05E0-4F8F-9449-79D773FEE24F}.Release|x64.Build.0 = Release|x64
		{5FF8C5A7-05E0-4F8F-9449-79D773FEE24F}.Release|x86.ActiveCfg = Release|Win32
		{5FF8C5A7-05E0-4F8F-9449-79D773FEE24F}.Release|x86.Build.0 = Release|Win32
		{1625C0E3-FBEB-46E8-BAAF-6810B35C4DA4}.Debug|Any CPU.ActiveCfg = Debug|x64
		{1625C0E3-FBEB-46E8-BAAF-6810B35C4DA4}.Debug|Any CPU.Build.0 = Debug|x64
		{1625C0E3-FBEB-46E8-BAAF-6810B35C4DA4}.Debug|x64.ActiveCfg = Debug|x64
		{1625C0E3-FBEB-46E8-BAAF-6810B35C4DA4}.Debug|x64.Build.0 = Debug|x64
		{1625C0E3-FBEB-46E8-BAAF-6810B35C4DA4}.Debug|x86.ActiveCfg = Debug|Win32
		{1625C0E3-FBEB-46E8-BAAF-6810B35C4DA4}.Debug|x86.Build.0 = Debug|Win32
		{1625C0E3-FBEB-46E8-BAAF-6810B35C4DA4}.Release|Any CPU.ActiveCfg = Release|x64
		{1625C0E3-FBEB-46E8-BAAF-6810B35C4DA4}.Release|Any CPU.Build.0 = Release|x64
		{1625C0E3-FBEB-46E8-BAAF-6810B35C4DA4}.Release|x64.ActiveCfg = Release|x64
		{1625C0E3-FBEB-46E8-BAAF-6810B35C4DA4}.Release|x64.Build.0 = Release|x64
		{1625C0E3-FBEB-46E8-BAAF-6810B35C4DA4}.Release|x86.ActiveCfg = Release|Win32
		{1625C0E3-FBEB-46E8-BAAF-6810B35C4DA4}.Release|x86.Build.0 = Release|Win32
		{78B5BB18-46FB-4EEE-96C3-C3C67EB8D4D5}.Debug|Any CPU.ActiveCfg = Debug|x64
		{78B5BB18-46FB-4EEE-96C3-C3C67EB8D4D5}.Debug|Any CPU.Build.0 = Debug|x64
		{78B5BB18-46FB-4EEE-96C3-C3C67EB8D4D5}.Debug|x64.ActiveCfg = Debug|x64
		{78B5BB18-46FB-4EEE-96C3-C3C67EB8D4D5}.Debug|x64.Build.0 = Debug|x64
		{78B5BB18-46FB-4EEE-96C3-C3C67EB8D4D5}.Debug|x86.ActiveCfg = Debug|Win32
		{78B5BB18-46FB-4EEE-96C3-C3C67EB8D4D5}.Debug|x86.Build.0 = Debug|Win32
		{78B5BB18-46FB-4EEE-96C3-C3C67EB8D4D5}.Release|Any CPU.ActiveCfg = Release|x64
		{78B5BB18-46FB-4EEE-96C3-C3C67EB8D4D5}.Release|Any CPU.Build.0 = Release|x64
		{78B5BB18-46FB-4EEE-96C3-C3C67EB8D4D5}.Release|x64.ActiveCfg = Release|x64
		{78B5BB18-46FB-4EEE-96C3-C3C67EB8D4D5}.Release|x64.Build.0 = Release|x64
		{78B5BB18-46FB-4EEE-96C3-C3C67EB8D4D5}.Release|x86.ActiveCfg = Release|Win32
		{78B5BB18-46FB-4EEE-96C3-C3C67EB8D4D5}.Release|x86.Build.0 = Release|Win32
		{483E466B-4EFF-430E-9AF0-177F1F4DB9B5}.Debug|Any CPU.ActiveCfg = Debug|x64
		{483E466B-4EFF-430E-9AF0-177F1F4DB9B5}.Debug|Any CPU.Build.0 = Debug|x64
		{483E466B-4EFF-430E-9AF0-177F1F4DB9B5}.Debug|x64.ActiveCfg = Debug|x64
		{483E466B-4EFF-430E-9AF0-177F1F4DB9B5}.Debug|x64.Build.0 = Debug|x64
		{483E466B-4EFF-430E-9AF0-177F1F4DB9B5}.Debug|x86.ActiveCfg = Debug|Win32
		{483E466B-4EFF-430E-9AF0-177F1F4DB9B5}.Debug|x86.Build.0 = Debug|Win32
		{483E466B-4EFF-430E-9AF0-177F1F4DB9B5}.Release|Any CPU.ActiveCfg = Release|x64
		{483E466B-4EFF-430E-9AF0-177F1F4DB9B5}.Release|Any CPU.Build.0 = Release|x64
		{483E466B-4EFF-430E-9AF0-177F1F4DB9B5}.Release|x64.ActiveCfg = Release|x64
		{483E466B-4EFF-430E-9AF0-177F1F4DB9B5}.Release|x64.Build.0 = Release|x64
		{483E466B-4EFF-430E-9AF0-177F1F4DB9B5}.Release|x86.ActiveCfg = Release|Win32
		{483E466B-4EFF-430E-9AF0-177F1F4DB9B5}.Release|x86.Build.0 = Release|Win32
		{7635967A-A48F-4BB1-84D2-B85230C34410}.Debug|Any CPU.ActiveCfg = Debug|x64
		{7635967A-A48F-4BB1-84D2-B85230C34410}.Debug|Any CPU.Build.0 = Debug|x64
		{7635967A-A48F-4BB1-84D2-B85230C34410}.Debug|x64.ActiveCfg = Debug|x64
		{7635967A-A48F-4BB1-84D2-B85230C34410}.Debug|x64.Build.0 = Debug|x64
		{7635967A-A48F-4BB1-84D2-B85230C34410}.Debug|x86.ActiveCfg = Debug|Win32
		{7635967A-A48F-4BB1-84D2-B85230C34410}.Debug|x86.Build.0 = Debug|Win32
		{7635967A-A48F-4BB1-84D2-B85230C34410}.Release|Any CPU.ActiveCfg = Release|x64
		{7635967A-A48F-4BB1-84D2-B85230C34410}.Release|Any CPU.Build.0 = Release|x64
		{7635967A-A48F-4BB1-84D2-B85230C34410}.Release|x64.ActiveCfg = Release|x64
		{7635967A-A48F-4BB1-84D2-B85230C34410}.Release|x64.Build.0 = Release|x64
		{7635967A-A48F-4BB1-84D2-B85230C34410}.Release|x86.ActiveCfg = Release|Win32
		{7635967A-A48F-4BB1-84D2-B85230C34410}.Release|x86.Build.0 = Release|Win32
		{CF97494F-2087-41DF-940D-17C588AA3448}.Debug|Any CPU.ActiveCfg = Debug|x64
		{CF97494F-2087-41DF-940D-17C588AA3448}.Debug|Any CPU.Build.0 = Debug|x64
		{CF97494F-2087-41DF-940D-17C588AA3448}.Debug|x64.ActiveCfg = Debug|x64
		{CF97494F-2087-41DF-940D-17C588AA3448}.Debug|x64.Build.0 = Debug|x64
		{CF97494F-2087-41DF-940D-17C588AA3448}.Debug|x86.ActiveCfg = Debug|Win32
		{CF97494F-2087-41DF-940D-17C588AA3448}.Debug|x86.Build.0 = Debug|Win32
		{CF97494F-2087-41DF-940D-17C588AA3448}.Release|Any CPU.ActiveCfg = Release|x64
		{CF97494F-2087-41DF-940D-17C588AA3448}.Release|Any CPU.Build.0 = Release|x64
		{CF97494F-2087-41DF-940D-17C588AA3448}.Release|x64.ActiveCfg = Release|x64
		{CF97494F-2087-41DF-940D-17C588AA3448}.Release|x64.Build.0 = Release|x64
		{CF97494F-2087-41DF-940D-17C588AA3448}.Release|x86.ActiveCfg = Release|Win32
		{CF97494F-2087-41DF-940D-17C588AA3448}.Release|x86.Build.0 = Release|Win32
		{EF1CA65C-868C-4E97-807F-831B9E4C82BC}.Debug|Any CPU.ActiveCfg = Debug|x64
		{EF1CA65C-868C-4E97-807F-831B9E4C82BC}.Debug|Any CPU.Build.0 = Debug|x64
		{EF1CA65C-868C-4E97-807F-831B9E4C82BC}.Debug|x64.ActiveCfg = Debug|x64
		{EF1CA65C-868C-4E97-807F-831B9E4C82BC}.Debug|x64.Build.0 = Debug|x64
		{EF1CA65C-868C-4E97-807F-831B9E4C82BC}.Debug|x86.ActiveCfg = Debug|Win32
		{EF1CA65C-868C-4E97-807F-831B9E4C82BC}.Debug|x86.Build.0 = Debug|Win32
		{EF1CA65C-868C-4E97-807F-831B9E4C82BC}.Release|Any CPU.ActiveCfg = Release|x64
		{EF1CA65C-868C-4E97-807F-831B9E4C82BC}.Release|Any CPU.Build.0 = Release|x64
		{EF1CA65C-868C-4E97-807F-831B9E4C82BC}.Release|x64.ActiveCfg = Release|x64
		{EF1CA65C-868C-4E97-807F-831B9E4C82BC}.Release|x64.Build.0 = Release|x64
		{EF1CA65C-868C-4E97-807F-831B9E4C82BC}.Release|x86.ActiveCfg = Release|Win32
		{EF1CA65C-868C-4E97-807F-831B9E4C82BC}.Release|x86.Build.0 = Release|Win32
		{584425EA-A417-4D16-953F-63010EDB90CF}.Debug|Any CPU.ActiveCfg = Debug|x64
		{584425EA-A417-4D16-953F-63010EDB90CF}.Debug|Any CPU.Build.0 = Debug|x64
		{584425EA-A417-4D16-953F-63010EDB90CF}.Debug|x64.ActiveCfg = Debug|x64
		{584425EA-A417-4D16-953F-63010EDB90CF}.Debug|x64.Build.0 = Debug|x64
		{584425EA-A417-4D16-953F-63010EDB90CF}.Debug|x86.ActiveCfg = Debug|Win32
		{584425EA-A417-4D16-953F-63010EDB90CF}.Debug|x86.Build.0 = Debug|Win32
		{584425EA-A417-4D16-953F-63010EDB90CF}.Release|Any CPU.ActiveCfg = Release|x64
		{584425EA-A417-4D16-953F-63010EDB90CF}.Release|Any CPU.Build.0 = Release|x64
		{584425EA-A417-4D16-953F-63010EDB90CF}.Release|x64.ActiveCfg = Release|x64
		{584425EA-A417-4D16-953F-63010EDB90CF}.Release|x64.Build.0 = Release|x64
		{584425EA-A417-4D16-953F-63010EDB90CF}.Release|x86.ActiveCfg = Release|Win32
		{584425EA-A417-4D16-953F-63010EDB90CF}.Release|x86.Build.0 = Release|Win32
		{243E5DA6-869B-45AD-AEC0-7287EA2FC8DD}.Debug|Any CPU.ActiveCfg = Debug|x64
		{243E5DA6-869B-45AD-AEC0-7287EA2FC8DD}.Debug|Any CPU.Build.0 = Debug|x64
		{243E5DA6-869B-45AD-AEC0-7287EA2FC8DD}.Debug|x64.ActiveCfg = Debug|x64
		{243E5DA6-869B-45AD-AEC0-7287EA2FC8DD}.Debug|x64.Build.0 = Debug|x64
		{243E5DA6-869B-45AD-AEC0-7287EA2FC8DD}.Debug|x86.ActiveCfg = Debug|Win32
		{243E5DA6-869B-45AD-AEC0-7287EA2FC8DD}.Debug|x86.Build.0 = Debug|Win32
		{243E5DA6-869B-45AD-AEC0-7287EA2FC8DD}.Release|Any CPU.ActiveCfg = Release|x64
		{243E5DA6-869B-45AD-AEC0-7287EA2FC8DD}.Release|Any CPU.Build.0 = Release|x64
		{243E5DA6-869B-45AD-AEC0-7287EA2FC8DD}.Release|x64.ActiveCfg = Release|x64
		{243E5DA6-869B-45AD-AEC0-7287EA2FC8DD}.Release|x64.Build.0 = Release|x64
		{243E5DA6-869B-45AD-AEC0-7287EA2FC8DD}.Release|x86.ActiveCfg = Release|Win32
		{243E5DA6-869B-45AD-AEC0-7287EA2FC8DD}.Release|x86.Build.0 = Release|Win32
	EndGlobalSection
	GlobalSection(SolutionProperties) = preSolution
		HideSolutionNode = FALSE
	EndGlobalSection
	GlobalSection(ExtensibilityGlobals) = postSolution
		SolutionGuid = {313E0695-50DB-4788-9D8E-7A5E8CF668A5}
	EndGlobalSection
EndGlobal
